
Microsoft Visual Studio Solution File, Format Version 12.00
# Visual Studio Version 17
VisualStudioVersion = 17.2.32602.215
MinimumVisualStudioVersion = 10.0.40219.1
Project("{FAE04EC0-301F-11D3-BF4B-00C04F79EFBC}") = "Hackat-Orga", "Hackat-Orga.csproj", "{BF741DF0-C301-4DC2-9BEF-2604D0C4C56C}"
EndProject
Global
	GlobalSection(SolutionConfigurationPlatforms) = preSolution
		Debug|ARM = Debug|ARM
		Debug|ARM64 = Debug|ARM64
		Debug|x64 = Debug|x64
		Debug|x86 = Debug|x86
		Release|ARM = Release|ARM
		Release|ARM64 = Release|ARM64
		Release|x64 = Release|x64
		Release|x86 = Release|x86
	EndGlobalSection
	GlobalSection(ProjectConfigurationPlatforms) = postSolution
		{BF741DF0-C301-4DC2-9BEF-2604D0C4C56C}.Debug|ARM.ActiveCfg = Debug|ARM
		{BF741DF0-C301-4DC2-9BEF-2604D0C4C56C}.Debug|ARM.Build.0 = Debug|ARM
		{BF741DF0-C301-4DC2-9BEF-2604D0C4C56C}.Debug|ARM.Deploy.0 = Debug|ARM
		{BF741DF0-C301-4DC2-9BEF-2604D0C4C56C}.Debug|ARM64.ActiveCfg = Debug|ARM64
		{BF741DF0-C301-4DC2-9BEF-2604D0C4C56C}.Debug|ARM64.Build.0 = Debug|ARM64
		{BF741DF0-C301-4DC2-9BEF-2604D0C4C56C}.Debug|ARM64.Deploy.0 = Debug|ARM64
		{BF741DF0-C301-4DC2-9BEF-2604D0C4C56C}.Debug|x64.ActiveCfg = Debug|x64
		{BF741DF0-C301-4DC2-9BEF-2604D0C4C56C}.Debug|x64.Build.0 = Debug|x64
		{BF741DF0-C301-4DC2-9BEF-2604D0C4C56C}.Debug|x64.Deploy.0 = Debug|x64
		{BF741DF0-C301-4DC2-9BEF-2604D0C4C56C}.Debug|x86.ActiveCfg = Debug|x86
		{BF741DF0-C301-4DC2-9BEF-2604D0C4C56C}.Debug|x86.Build.0 = Debug|x86
		{BF741DF0-C301-4DC2-9BEF-2604D0C4C56C}.Debug|x86.Deploy.0 = Debug|x86
		{BF741DF0-C301-4DC2-9BEF-2604D0C4C56C}.Release|ARM.ActiveCfg = Release|ARM
		{BF741DF0-C301-4DC2-9BEF-2604D0C4C56C}.Release|ARM.Build.0 = Release|ARM
		{BF741DF0-C301-4DC2-9BEF-2604D0C4C56C}.Release|ARM.Deploy.0 = Release|ARM
		{BF741DF0-C301-4DC2-9BEF-2604D0C4C56C}.Release|ARM64.ActiveCfg = Release|ARM64
		{BF741DF0-C301-4DC2-9BEF-2604D0C4C56C}.Release|ARM64.Build.0 = Release|ARM64
		{BF741DF0-C301-4DC2-9BEF-2604D0C4C56C}.Release|ARM64.Deploy.0 = Release|ARM64
		{BF741DF0-C301-4DC2-9BEF-2604D0C4C56C}.Release|x64.ActiveCfg = Release|x64
		{BF741DF0-C301-4DC2-9BEF-2604D0C4C56C}.Release|x64.Build.0 = Release|x64
		{BF741DF0-C301-4DC2-9BEF-2604D0C4C56C}.Release|x64.Deploy.0 = Release|x64
		{BF741DF0-C301-4DC2-9BEF-2604D0C4C56C}.Release|x86.ActiveCfg = Release|x86
		{BF741DF0-C301-4DC2-9BEF-2604D0C4C56C}.Release|x86.Build.0 = Release|x86
		{BF741DF0-C301-4DC2-9BEF-2604D0C4C56C}.Release|x86.Deploy.0 = Release|x86
	EndGlobalSection
	GlobalSection(SolutionProperties) = preSolution
		HideSolutionNode = FALSE
	EndGlobalSection
	GlobalSection(ExtensibilityGlobals) = postSolution
		SolutionGuid = {A10A2780-5132-4B06-8037-9F993948C482}
	EndGlobalSection
EndGlobal
